
Microsoft Visual Studio Solution File, Format Version 12.00
# Visual Studio Version 17
VisualStudioVersion = 17.14.36414.22
MinimumVisualStudioVersion = 10.0.40219.1
Project("{FAE04EC0-301F-11D3-BF4B-00C04F79EFBC}") = "TP-Promo-WEB-Equipo20B", "TP-Promo-WEB-Equipo20B\TP-Promo-WEB-Equipo20B.csproj", "{F6D56C75-A613-4002-8173-509EF9D4079B}"
EndProject
Project("{FAE04EC0-301F-11D3-BF4B-00C04F79EFBC}") = "Dominio", "dominio\Dominio.csproj", "{44E16D93-0C67-44C2-A8B3-9F22358BCA09}"
EndProject
Project("{FAE04EC0-301F-11D3-BF4B-00C04F79EFBC}") = "Negocio", "negocio\Negocio.csproj", "{A387E0CC-1272-4EAE-8D0B-DBA39B8274E5}"
EndProject
Global
	GlobalSection(SolutionConfigurationPlatforms) = preSolution
		Debug|Any CPU = Debug|Any CPU
		Release|Any CPU = Release|Any CPU
	EndGlobalSection
	GlobalSection(ProjectConfigurationPlatforms) = postSolution
		{F6D56C75-A613-4002-8173-509EF9D4079B}.Debug|Any CPU.ActiveCfg = Debug|Any CPU
		{F6D56C75-A613-4002-8173-509EF9D4079B}.Debug|Any CPU.Build.0 = Debug|Any CPU
		{F6D56C75-A613-4002-8173-509EF9D4079B}.Release|Any CPU.ActiveCfg = Release|Any CPU
		{F6D56C75-A613-4002-8173-509EF9D4079B}.Release|Any CPU.Build.0 = Release|Any CPU
		{44E16D93-0C67-44C2-A8B3-9F22358BCA09}.Debug|Any CPU.ActiveCfg = Debug|Any CPU
		{44E16D93-0C67-44C2-A8B3-9F22358BCA09}.Debug|Any CPU.Build.0 = Debug|Any CPU
		{44E16D93-0C67-44C2-A8B3-9F22358BCA09}.Release|Any CPU.ActiveCfg = Release|Any CPU
		{44E16D93-0C67-44C2-A8B3-9F22358BCA09}.Release|Any CPU.Build.0 = Release|Any CPU
		{A387E0CC-1272-4EAE-8D0B-DBA39B8274E5}.Debug|Any CPU.ActiveCfg = Debug|Any CPU
		{A387E0CC-1272-4EAE-8D0B-DBA39B8274E5}.Debug|Any CPU.Build.0 = Debug|Any CPU
		{A387E0CC-1272-4EAE-8D0B-DBA39B8274E5}.Release|Any CPU.ActiveCfg = Release|Any CPU
		{A387E0CC-1272-4EAE-8D0B-DBA39B8274E5}.Release|Any CPU.Build.0 = Release|Any CPU
	EndGlobalSection
	GlobalSection(SolutionProperties) = preSolution
		HideSolutionNode = FALSE
	EndGlobalSection
	GlobalSection(ExtensibilityGlobals) = postSolution
		SolutionGuid = {F553140F-9593-4F91-89E8-1B59DF2F6C01}
	EndGlobalSection
EndGlobal
